github.com/gorilla/mux v1.7.4 h1:VuZ8uybHlWmqV03+zRzdwKL4tUnIp1MAQtp1mIFE1bc=
github.com/gorilla/mux v1.7.4/go.mod h1:DVbg23sWSpFRCP0SfiEN6jmj59UnW/n46BH5rLB71So=
github.com/hauke96/sigolo v0.0.0-20200304202548-adaa7d5ed408 h1:PqVDiDnC+V2NNGgFIfVgCMkAtl7wLrH1IvO4NGk3Tg8=
github.com/hauke96/sigolo v0.0.0-20200304202548-adaa7d5ed408/go.mod h1:F5f3UXFxSHe2BUizY8IvIYhjiPMy6FmJQvBMI83aeQs=
